{
  "name": "drizzl",
  "version": "1.0.0",
  "lockfileVersion": 1,
  "requires": true,
  "dependencies": {
    "tonal": {
      "version": "1.1.0",
      "resolved": "https://registry.npmjs.org/tonal/-/tonal-1.1.0.tgz",
      "integrity": "sha512-KW+FC8dGX1aYpNFkJsZUFMl5piqrG/r4l3phPfwQQYCvoQCd3JhImQpm9eZ9ol5P2VosJKIEqyTMg61XDJ2k0Q==",
      "requires": {
        "tonal-array": "1.1.0",
        "tonal-chord": "1.1.0",
        "tonal-dictionary": "1.1.0",
        "tonal-distance": "1.1.0",
        "tonal-interval": "1.1.0",
        "tonal-key": "1.1.0",
        "tonal-note": "1.1.0",
        "tonal-pcset": "1.1.0",
        "tonal-scale": "1.1.0"
      }
    },
    "tonal-array": {
      "version": "1.1.0",
      "resolved": "https://registry.npmjs.org/tonal-array/-/tonal-array-1.1.0.tgz",
      "integrity": "sha512-8Wf5pMfWp/z5VR1CwNoEQgrCJ3/8mjnyS/kS6PQWRR4WekHQKQ5aPKgShQ2ZoSIsZwdrXarFvCJl77U+VSur1g==",
      "requires": {
        "tonal-note": "1.1.0"
      }
    },
    "tonal-chord": {
      "version": "1.1.0",
      "resolved": "https://registry.npmjs.org/tonal-chord/-/tonal-chord-1.1.0.tgz",
      "integrity": "sha512-oYc06eO0NlqJO7cMeod2jukUsHSykfHbx/crQrqy5p3bmHplRB3tA8Wwd+FiWS8wuY0xpX2KUj18WkaZ2g9wAw==",
      "requires": {
        "tonal-dictionary": "1.1.0",
        "tonal-distance": "1.1.0",
        "tonal-note": "1.1.0",
        "tonal-pcset": "1.1.0"
      }
    },
    "tonal-dictionary": {
      "version": "1.1.0",
      "resolved": "https://registry.npmjs.org/tonal-dictionary/-/tonal-dictionary-1.1.0.tgz",
      "integrity": "sha512-YPnCLe3lBWvDZhdIqXFTyIFE+rBI3hHtV3jf6tCuKBRj7hE2OJ96LOvrl6AkW0Ts5Ym68f6dSFak6ZtOK/DnRA==",
      "requires": {
        "tonal-array": "1.1.0",
        "tonal-note": "1.1.0",
        "tonal-pcset": "1.1.0"
      }
    },
    "tonal-distance": {
      "version": "1.1.0",
      "resolved": "https://registry.npmjs.org/tonal-distance/-/tonal-distance-1.1.0.tgz",
      "integrity": "sha512-XelfCLv23YRUd576S3vLoWvIlFzjx16cNbIOSuu/ESq+PZ3iFIJjyRkEwG9kTmhV+arDnR50u5L6L53gtc1tfQ==",
      "requires": {
        "tonal-interval": "1.1.0",
        "tonal-note": "1.1.0"
      }
    },
    "tonal-interval": {
      "version": "1.1.0",
      "resolved": "https://registry.npmjs.org/tonal-interval/-/tonal-interval-1.1.0.tgz",
      "integrity": "sha512-qnWTfr5ezALN22v6w9XNpwkLQtJ+6pq6upQnwMQcVZmeijpNt7910J/Pqco8oGXBkTXOxv6F0Z+Wf2eUXTf1wQ=="
    },
    "tonal-key": {
      "version": "1.1.0",
      "resolved": "https://registry.npmjs.org/tonal-key/-/tonal-key-1.1.0.tgz",
      "integrity": "sha512-JnML9jkJgwT+pCp4vocKDUiIvMJJv72GeNyxo9cr3yrGhCsueC2pAM9eAzJql3ab8bkHS+OKz9C+sq6y7VdhXg==",
      "requires": {
        "tonal-array": "1.1.0",
        "tonal-distance": "1.1.0",
        "tonal-note": "1.1.0"
      }
    },
    "tonal-note": {
      "version": "1.1.0",
      "resolved": "https://registry.npmjs.org/tonal-note/-/tonal-note-1.1.0.tgz",
      "integrity": "sha512-F68mq2cONS68qedxQhLPOWn9EsebPCbAiZdc7y8Se9fA7zepFTLnFt7nMm0ZxskyCVAoS64hQbRpNw0UsXFD0A=="
    },
    "tonal-pcset": {
      "version": "1.1.0",
      "resolved": "https://registry.npmjs.org/tonal-pcset/-/tonal-pcset-1.1.0.tgz",
      "integrity": "sha512-B4dq4gwpqi6MVNFd9Wik6kNaVUMMaWbmcL0+3KiLUlyqJti0Px4kew7l/TlEOlpcmvhUaG7ism0MyDlS8Ja6fw==",
      "requires": {
        "tonal-array": "1.1.0",
        "tonal-interval": "1.1.0",
        "tonal-note": "1.1.0"
      }
    },
    "tonal-scale": {
      "version": "1.1.0",
      "resolved": "https://registry.npmjs.org/tonal-scale/-/tonal-scale-1.1.0.tgz",
      "integrity": "sha512-VICEKjm9lYNpfJ+cp3Efr97HHihtFoRmDiXvCodNkxVOkKIJVq0VlRfdWqyRcFQ4lwJZPJCFmNHUBjtIaGhkYA==",
      "requires": {
        "tonal-array": "1.1.0",
        "tonal-dictionary": "1.1.0",
        "tonal-distance": "1.1.0",
        "tonal-note": "1.1.0",
        "tonal-pcset": "1.1.0"
      }
    }
  }
}
